// !$*UTF8*$!
{
	archiveVersion = 1;
	classes = {
	};
	objectVersion = 46;
	objects = {

/* Begin PBXBuildFile section */
		20041CA91A16606A00D390BD /* AppDelegate.swift in Sources */ = {isa = PBXBuildFile; fileRef = 20041CA81A16606A00D390BD /* AppDelegate.swift */; };
		20041CAB1A16606A00D390BD /* ViewController.swift in Sources */ = {isa = PBXBuildFile; fileRef = 20041CAA1A16606A00D390BD /* ViewController.swift */; };
		20041CAE1A16606A00D390BD /* Main.storyboard in Resources */ = {isa = PBXBuildFile; fileRef = 20041CAC1A16606A00D390BD /* Main.storyboard */; };
		20041CB01A16606A00D390BD /* Images.xcassets in Resources */ = {isa = PBXBuildFile; fileRef = 20041CAF1A16606A00D390BD /* Images.xcassets */; };
		20041CBF1A16606A00D390BD /* SpaceCalculatorTests.swift in Sources */ = {isa = PBXBuildFile; fileRef = 20041CBE1A16606A00D390BD /* SpaceCalculatorTests.swift */; };
		20041CC91A1665DF00D390BD /* Stage.swift in Sources */ = {isa = PBXBuildFile; fileRef = 20041CC81A1665DE00D390BD /* Stage.swift */; };
		20041D1E1A1895F100D390BD /* Bullet.swift in Sources */ = {isa = PBXBuildFile; fileRef = 20041D1D1A1895F100D390BD /* Bullet.swift */; };
		20041D201A18C3CF00D390BD /* Player.swift in Sources */ = {isa = PBXBuildFile; fileRef = 20041D1F1A18C3CF00D390BD /* Player.swift */; };
		20041D221A18D6B300D390BD /* Enemy.swift in Sources */ = {isa = PBXBuildFile; fileRef = 20041D211A18D6B300D390BD /* Enemy.swift */; };
		20041D241A18DB8100D390BD /* DigitEnemy.swift in Sources */ = {isa = PBXBuildFile; fileRef = 20041D231A18DB8100D390BD /* DigitEnemy.swift */; };
		20041D261A18DDC300D390BD /* PlusEnemy.swift in Sources */ = {isa = PBXBuildFile; fileRef = 20041D251A18DDC300D390BD /* PlusEnemy.swift */; };
		20041D281A18FDAD00D390BD /* Computation.swift in Sources */ = {isa = PBXBuildFile; fileRef = 20041D271A18FDAD00D390BD /* Computation.swift */; };
		2015EB241A1E38D100CDCF3F /* Calculator.swift in Sources */ = {isa = PBXBuildFile; fileRef = 2015EB231A1E38D100CDCF3F /* Calculator.swift */; };
		203FB2DF1A22DA9A00DFF0D3 /* Logo.png in Resources */ = {isa = PBXBuildFile; fileRef = 203FB2DE1A22DA9A00DFF0D3 /* Logo.png */; };
		203FB2E11A22E1D200DFF0D3 /* Debug.png in Resources */ = {isa = PBXBuildFile; fileRef = 203FB2E01A22E1D200DFF0D3 /* Debug.png */; };
		20C9CECC1A21B52E00FC947A /* button0.png in Resources */ = {isa = PBXBuildFile; fileRef = 20C9CEBB1A21B52E00FC947A /* button0.png */; };
		20C9CECD1A21B52E00FC947A /* button1.png in Resources */ = {isa = PBXBuildFile; fileRef = 20C9CEBC1A21B52E00FC947A /* button1.png */; };
		20C9CECE1A21B52E00FC947A /* button2.png in Resources */ = {isa = PBXBuildFile; fileRef = 20C9CEBD1A21B52E00FC947A /* button2.png */; };
		20C9CECF1A21B52E00FC947A /* button3.png in Resources */ = {isa = PBXBuildFile; fileRef = 20C9CEBE1A21B52E00FC947A /* button3.png */; };
		20C9CED01A21B52E00FC947A /* button4.png in Resources */ = {isa = PBXBuildFile; fileRef = 20C9CEBF1A21B52E00FC947A /* button4.png */; };
		20C9CED11A21B52E00FC947A /* button5.png in Resources */ = {isa = PBXBuildFile; fileRef = 20C9CEC01A21B52E00FC947A /* button5.png */; };
		20C9CED21A21B52E00FC947A /* button6.png in Resources */ = {isa = PBXBuildFile; fileRef = 20C9CEC11A21B52E00FC947A /* button6.png */; };
		20C9CED31A21B52E00FC947A /* button7.png in Resources */ = {isa = PBXBuildFile; fileRef = 20C9CEC21A21B52E00FC947A /* button7.png */; };
		20C9CED41A21B52E00FC947A /* button8.png in Resources */ = {isa = PBXBuildFile; fileRef = 20C9CEC31A21B52E00FC947A /* button8.png */; };
		20C9CED51A21B52E00FC947A /* button9.png in Resources */ = {isa = PBXBuildFile; fileRef = 20C9CEC41A21B52E00FC947A /* button9.png */; };
		20C9CED61A21B52E00FC947A /* buttonDiv.png in Resources */ = {isa = PBXBuildFile; fileRef = 20C9CEC51A21B52E00FC947A /* buttonDiv.png */; };
		20C9CED71A21B52E00FC947A /* buttonEqual.png in Resources */ = {isa = PBXBuildFile; fileRef = 20C9CEC61A21B52E00FC947A /* buttonEqual.png */; };
		20C9CED81A21B52E00FC947A /* buttonMinus.png in Resources */ = {isa = PBXBuildFile; fileRef = 20C9CEC71A21B52E00FC947A /* buttonMinus.png */; };
		20C9CED91A21B52E00FC947A /* buttonMul.png in Resources */ = {isa = PBXBuildFile; fileRef = 20C9CEC81A21B52E00FC947A /* buttonMul.png */; };
		20C9CEDA1A21B52E00FC947A /* buttonPlus.png in Resources */ = {isa = PBXBuildFile; fileRef = 20C9CEC91A21B52E00FC947A /* buttonPlus.png */; };
		20C9CEDB1A21B52E00FC947A /* ladybug.gif in Resources */ = {isa = PBXBuildFile; fileRef = 20C9CECA1A21B52E00FC947A /* ladybug.gif */; };
		20C9CEDC1A21B52E00FC947A /* Spaceship.png in Resources */ = {isa = PBXBuildFile; fileRef = 20C9CECB1A21B52E00FC947A /* Spaceship.png */; };
		20C9CEDE1A2223C000FC947A /* bullet.png in Resources */ = {isa = PBXBuildFile; fileRef = 20C9CEDD1A2223C000FC947A /* bullet.png */; };
		20C9CEE01A222CF200FC947A /* buttonClear.png in Resources */ = {isa = PBXBuildFile; fileRef = 20C9CEDF1A222CF200FC947A /* buttonClear.png */; };
		20C9CEE21A222DD500FC947A /* ClearEnemy.swift in Sources */ = {isa = PBXBuildFile; fileRef = 20C9CEE11A222DD500FC947A /* ClearEnemy.swift */; };
		20C9CEE51A22460000FC947A /* Explosion.sks in Resources */ = {isa = PBXBuildFile; fileRef = 20C9CEE31A22460000FC947A /* Explosion.sks */; };
		20C9CEE61A22460000FC947A /* spark.png in Resources */ = {isa = PBXBuildFile; fileRef = 20C9CEE41A22460000FC947A /* spark.png */; };
		20CC18F21A20C1AD00AA35A1 /* DebugStage.swift in Sources */ = {isa = PBXBuildFile; fileRef = 20CC18F11A20C1AD00AA35A1 /* DebugStage.swift */; };
		20CFA5231A1AEA9600B7C489 /* DivEnemy.swift in Sources */ = {isa = PBXBuildFile; fileRef = 20CFA5201A1AEA9600B7C489 /* DivEnemy.swift */; };
		20CFA5241A1AEA9600B7C489 /* MinusEnemy.swift in Sources */ = {isa = PBXBuildFile; fileRef = 20CFA5211A1AEA9600B7C489 /* MinusEnemy.swift */; };
		20CFA5251A1AEA9600B7C489 /* MulEnemy.swift in Sources */ = {isa = PBXBuildFile; fileRef = 20CFA5221A1AEA9600B7C489 /* MulEnemy.swift */; };
		20CFA5271A1B517A00B7C489 /* EqualEnemy.swift in Sources */ = {isa = PBXBuildFile; fileRef = 20CFA5261A1B517A00B7C489 /* EqualEnemy.swift */; };
		97DA17A7CA1ABF9CE30D040F /* libPods.a in Frameworks */ = {isa = PBXBuildFile; fileRef = B09EC6542A475D6C4825B417 /* libPods.a */; };
/* End PBXBuildFile section */

/* Begin PBXContainerItemProxy section */
		20041CB91A16606A00D390BD /* PBXContainerItemProxy */ = {
			isa = PBXContainerItemProxy;
			containerPortal = 20041C9B1A16606A00D390BD /* Project object */;
			proxyType = 1;
			remoteGlobalIDString = 20041CA21A16606A00D390BD;
			remoteInfo = SpaceCalculator;
		};
/* End PBXContainerItemProxy section */

/* Begin PBXFileReference section */
		20041CA31A16606A00D390BD /* SpaceCalculator.app */ = {isa = PBXFileReference; explicitFileType = wrapper.application; includeInIndex = 0; path = SpaceCalculator.app; sourceTree = BUILT_PRODUCTS_DIR; };
		20041CA71A16606A00D390BD /* Info.plist */ = {isa = PBXFileReference; lastKnownFileType = text.plist.xml; path = Info.plist; sourceTree = "<group>"; };
		20041CA81A16606A00D390BD /* AppDelegate.swift */ = {isa = PBXFileReference; lastKnownFileType = sourcecode.swift; path = AppDelegate.swift; sourceTree = "<group>"; };
		20041CAA1A16606A00D390BD /* ViewController.swift */ = {isa = PBXFileReference; lastKnownFileType = sourcecode.swift; path = ViewController.swift; sourceTree = "<group>"; };
		20041CAD1A16606A00D390BD /* Base */ = {isa = PBXFileReference; lastKnownFileType = file.storyboard; name = Base; path = Base.lproj/Main.storyboard; sourceTree = "<group>"; };
		20041CAF1A16606A00D390BD /* Images.xcassets */ = {isa = PBXFileReference; lastKnownFileType = folder.assetcatalog; path = Images.xcassets; sourceTree = "<group>"; };
		20041CB81A16606A00D390BD /* SpaceCalculatorTests.xctest */ = {isa = PBXFileReference; explicitFileType = wrapper.cfbundle; includeInIndex = 0; path = SpaceCalculatorTests.xctest; sourceTree = BUILT_PRODUCTS_DIR; };
		20041CBD1A16606A00D390BD /* Info.plist */ = {isa = PBXFileReference; lastKnownFileType = text.plist.xml; path = Info.plist; sourceTree = "<group>"; };
		20041CBE1A16606A00D390BD /* SpaceCalculatorTests.swift */ = {isa = PBXFileReference; lastKnownFileType = sourcecode.swift; path = SpaceCalculatorTests.swift; sourceTree = "<group>"; };
		20041CC81A1665DE00D390BD /* Stage.swift */ = {isa = PBXFileReference; fileEncoding = 4; lastKnownFileType = sourcecode.swift; path = Stage.swift; sourceTree = "<group>"; };
		20041D1D1A1895F100D390BD /* Bullet.swift */ = {isa = PBXFileReference; fileEncoding = 4; lastKnownFileType = sourcecode.swift; path = Bullet.swift; sourceTree = "<group>"; };
		20041D1F1A18C3CF00D390BD /* Player.swift */ = {isa = PBXFileReference; fileEncoding = 4; lastKnownFileType = sourcecode.swift; path = Player.swift; sourceTree = "<group>"; };
		20041D211A18D6B300D390BD /* Enemy.swift */ = {isa = PBXFileReference; fileEncoding = 4; lastKnownFileType = sourcecode.swift; path = Enemy.swift; sourceTree = "<group>"; };
		20041D231A18DB8100D390BD /* DigitEnemy.swift */ = {isa = PBXFileReference; fileEncoding = 4; lastKnownFileType = sourcecode.swift; path = DigitEnemy.swift; sourceTree = "<group>"; };
		20041D251A18DDC300D390BD /* PlusEnemy.swift */ = {isa = PBXFileReference; fileEncoding = 4; lastKnownFileType = sourcecode.swift; path = PlusEnemy.swift; sourceTree = "<group>"; };
		20041D271A18FDAD00D390BD /* Computation.swift */ = {isa = PBXFileReference; fileEncoding = 4; lastKnownFileType = sourcecode.swift; path = Computation.swift; sourceTree = "<group>"; };
		2015EB231A1E38D100CDCF3F /* Calculator.swift */ = {isa = PBXFileReference; fileEncoding = 4; lastKnownFileType = sourcecode.swift; path = Calculator.swift; sourceTree = "<group>"; };
		2031FC4B1A448D5A0048B378 /* SpaceCalculator-Bridging-Header.h */ = {isa = PBXFileReference; lastKnownFileType = sourcecode.c.h; path = "SpaceCalculator-Bridging-Header.h"; sourceTree = "<group>"; };
		203FB2DE1A22DA9A00DFF0D3 /* Logo.png */ = {isa = PBXFileReference; lastKnownFileType = image.png; path = Logo.png; sourceTree = "<group>"; };
		203FB2E01A22E1D200DFF0D3 /* Debug.png */ = {isa = PBXFileReference; lastKnownFileType = image.png; path = Debug.png; sourceTree = "<group>"; };
		20C9CEBB1A21B52E00FC947A /* button0.png */ = {isa = PBXFileReference; lastKnownFileType = image.png; path = button0.png; sourceTree = "<group>"; };
		20C9CEBC1A21B52E00FC947A /* button1.png */ = {isa = PBXFileReference; lastKnownFileType = image.png; path = button1.png; sourceTree = "<group>"; };
		20C9CEBD1A21B52E00FC947A /* button2.png */ = {isa = PBXFileReference; lastKnownFileType = image.png; path = button2.png; sourceTree = "<group>"; };
		20C9CEBE1A21B52E00FC947A /* button3.png */ = {isa = PBXFileReference; lastKnownFileType = image.png; path = button3.png; sourceTree = "<group>"; };
		20C9CEBF1A21B52E00FC947A /* button4.png */ = {isa = PBXFileReference; lastKnownFileType = image.png; path = button4.png; sourceTree = "<group>"; };
		20C9CEC01A21B52E00FC947A /* button5.png */ = {isa = PBXFileReference; lastKnownFileType = image.png; path = button5.png; sourceTree = "<group>"; };
		20C9CEC11A21B52E00FC947A /* button6.png */ = {isa = PBXFileReference; lastKnownFileType = image.png; path = button6.png; sourceTree = "<group>"; };
		20C9CEC21A21B52E00FC947A /* button7.png */ = {isa = PBXFileReference; lastKnownFileType = image.png; path = button7.png; sourceTree = "<group>"; };
		20C9CEC31A21B52E00FC947A /* button8.png */ = {isa = PBXFileReference; lastKnownFileType = image.png; path = button8.png; sourceTree = "<group>"; };
		20C9CEC41A21B52E00FC947A /* button9.png */ = {isa = PBXFileReference; lastKnownFileType = image.png; path = button9.png; sourceTree = "<group>"; };
		20C9CEC51A21B52E00FC947A /* buttonDiv.png */ = {isa = PBXFileReference; lastKnownFileType = image.png; path = buttonDiv.png; sourceTree = "<group>"; };
		20C9CEC61A21B52E00FC947A /* buttonEqual.png */ = {isa = PBXFileReference; lastKnownFileType = image.png; path = buttonEqual.png; sourceTree = "<group>"; };
		20C9CEC71A21B52E00FC947A /* buttonMinus.png */ = {isa = PBXFileReference; lastKnownFileType = image.png; path = buttonMinus.png; sourceTree = "<group>"; };
		20C9CEC81A21B52E00FC947A /* buttonMul.png */ = {isa = PBXFileReference; lastKnownFileType = image.png; path = buttonMul.png; sourceTree = "<group>"; };
		20C9CEC91A21B52E00FC947A /* buttonPlus.png */ = {isa = PBXFileReference; lastKnownFileType = image.png; path = buttonPlus.png; sourceTree = "<group>"; };
		20C9CECA1A21B52E00FC947A /* ladybug.gif */ = {isa = PBXFileReference; lastKnownFileType = image.gif; path = ladybug.gif; sourceTree = "<group>"; };
		20C9CECB1A21B52E00FC947A /* Spaceship.png */ = {isa = PBXFileReference; lastKnownFileType = image.png; path = Spaceship.png; sourceTree = "<group>"; };
		20C9CEDD1A2223C000FC947A /* bullet.png */ = {isa = PBXFileReference; lastKnownFileType = image.png; path = bullet.png; sourceTree = "<group>"; };
		20C9CEDF1A222CF200FC947A /* buttonClear.png */ = {isa = PBXFileReference; lastKnownFileType = image.png; path = buttonClear.png; sourceTree = "<group>"; };
		20C9CEE11A222DD500FC947A /* ClearEnemy.swift */ = {isa = PBXFileReference; fileEncoding = 4; lastKnownFileType = sourcecode.swift; path = ClearEnemy.swift; sourceTree = "<group>"; };
		20C9CEE31A22460000FC947A /* Explosion.sks */ = {isa = PBXFileReference; lastKnownFileType = file.sks; path = Explosion.sks; sourceTree = "<group>"; };
		20C9CEE41A22460000FC947A /* spark.png */ = {isa = PBXFileReference; lastKnownFileType = image.png; path = spark.png; sourceTree = "<group>"; };
		20CC18F11A20C1AD00AA35A1 /* DebugStage.swift */ = {isa = PBXFileReference; fileEncoding = 4; lastKnownFileType = sourcecode.swift; path = DebugStage.swift; sourceTree = "<group>"; };
		20CFA5201A1AEA9600B7C489 /* DivEnemy.swift */ = {isa = PBXFileReference; fileEncoding = 4; lastKnownFileType = sourcecode.swift; path = DivEnemy.swift; sourceTree = "<group>"; };
		20CFA5211A1AEA9600B7C489 /* MinusEnemy.swift */ = {isa = PBXFileReference; fileEncoding = 4; lastKnownFileType = sourcecode.swift; path = MinusEnemy.swift; sourceTree = "<group>"; };
		20CFA5221A1AEA9600B7C489 /* MulEnemy.swift */ = {isa = PBXFileReference; fileEncoding = 4; lastKnownFileType = sourcecode.swift; path = MulEnemy.swift; sourceTree = "<group>"; };
		20CFA5261A1B517A00B7C489 /* EqualEnemy.swift */ = {isa = PBXFileReference; fileEncoding = 4; lastKnownFileType = sourcecode.swift; path = EqualEnemy.swift; sourceTree = "<group>"; };
		85C30BE5F9A7DB8BE3CBF165 /* Pods.debug.xcconfig */ = {isa = PBXFileReference; includeInIndex = 1; lastKnownFileType = text.xcconfig; name = Pods.debug.xcconfig; path = "Pods/Target Support Files/Pods/Pods.debug.xcconfig"; sourceTree = "<group>"; };
		B09EC6542A475D6C4825B417 /* libPods.a */ = {isa = PBXFileReference; explicitFileType = archive.ar; includeInIndex = 0; path = libPods.a; sourceTree = BUILT_PRODUCTS_DIR; };
		BC7F7DC32ACAF731FB45B899 /* Pods.release.xcconfig */ = {isa = PBXFileReference; includeInIndex = 1; lastKnownFileType = text.xcconfig; name = Pods.release.xcconfig; path = "Pods/Target Support Files/Pods/Pods.release.xcconfig"; sourceTree = "<group>"; };
/* End PBXFileReference section */

/* Begin PBXFrameworksBuildPhase section */
		20041CA01A16606A00D390BD /* Frameworks */ = {
			isa = PBXFrameworksBuildPhase;
			buildActionMask = 2147483647;
			files = (
				97DA17A7CA1ABF9CE30D040F /* libPods.a in Frameworks */,
			);
			runOnlyForDeploymentPostprocessing = 0;
		};
		20041CB51A16606A00D390BD /* Frameworks */ = {
			isa = PBXFrameworksBuildPhase;
			buildActionMask = 2147483647;
			files = (
			);
			runOnlyForDeploymentPostprocessing = 0;
		};
/* End PBXFrameworksBuildPhase section */

/* Begin PBXGroup section */
		20041C9A1A16606A00D390BD = {
			isa = PBXGroup;
			children = (
				20041CA51A16606A00D390BD /* SpaceCalculator */,
				20041CBB1A16606A00D390BD /* SpaceCalculatorTests */,
				20041CA41A16606A00D390BD /* Products */,
				A3D864E1E07997DA0C1D3FCA /* Pods */,
				9B40B8D9FA732D36A4CC570A /* Frameworks */,
			);
			sourceTree = "<group>";
		};
		20041CA41A16606A00D390BD /* Products */ = {
			isa = PBXGroup;
			children = (
				20041CA31A16606A00D390BD /* SpaceCalculator.app */,
				20041CB81A16606A00D390BD /* SpaceCalculatorTests.xctest */,
			);
			name = Products;
			sourceTree = "<group>";
		};
		20041CA51A16606A00D390BD /* SpaceCalculator */ = {
			isa = PBXGroup;
			children = (
				20C9CEBA1A21B52E00FC947A /* Images */,
				20041CA81A16606A00D390BD /* AppDelegate.swift */,
				20041CAA1A16606A00D390BD /* ViewController.swift */,
				20041CC81A1665DE00D390BD /* Stage.swift */,
				20CC18F11A20C1AD00AA35A1 /* DebugStage.swift */,
				20041D1F1A18C3CF00D390BD /* Player.swift */,
				20041D1D1A1895F100D390BD /* Bullet.swift */,
				20041D271A18FDAD00D390BD /* Computation.swift */,
				2015EB231A1E38D100CDCF3F /* Calculator.swift */,
				20041D211A18D6B300D390BD /* Enemy.swift */,
				20C9CEE11A222DD500FC947A /* ClearEnemy.swift */,
				20041D231A18DB8100D390BD /* DigitEnemy.swift */,
				20041D251A18DDC300D390BD /* PlusEnemy.swift */,
				20CFA5211A1AEA9600B7C489 /* MinusEnemy.swift */,
				20CFA5221A1AEA9600B7C489 /* MulEnemy.swift */,
				20CFA5201A1AEA9600B7C489 /* DivEnemy.swift */,
				20CFA5261A1B517A00B7C489 /* EqualEnemy.swift */,
				20C9CEE31A22460000FC947A /* Explosion.sks */,
				20C9CEE41A22460000FC947A /* spark.png */,
				20041CAC1A16606A00D390BD /* Main.storyboard */,
				20041CAF1A16606A00D390BD /* Images.xcassets */,
				20041CA61A16606A00D390BD /* Supporting Files */,
				2031FC4B1A448D5A0048B378 /* SpaceCalculator-Bridging-Header.h */,
			);
			path = SpaceCalculator;
			sourceTree = "<group>";
		};
		20041CA61A16606A00D390BD /* Supporting Files */ = {
			isa = PBXGroup;
			children = (
				20041CA71A16606A00D390BD /* Info.plist */,
			);
			name = "Supporting Files";
			sourceTree = "<group>";
		};
		20041CBB1A16606A00D390BD /* SpaceCalculatorTests */ = {
			isa = PBXGroup;
			children = (
				20041CBE1A16606A00D390BD /* SpaceCalculatorTests.swift */,
				20041CBC1A16606A00D390BD /* Supporting Files */,
			);
			path = SpaceCalculatorTests;
			sourceTree = "<group>";
		};
		20041CBC1A16606A00D390BD /* Supporting Files */ = {
			isa = PBXGroup;
			children = (
				20041CBD1A16606A00D390BD /* Info.plist */,
			);
			name = "Supporting Files";
			sourceTree = "<group>";
		};
		20C9CEBA1A21B52E00FC947A /* Images */ = {
			isa = PBXGroup;
			children = (
				203FB2DE1A22DA9A00DFF0D3 /* Logo.png */,
				20C9CEDD1A2223C000FC947A /* bullet.png */,
				20C9CEBB1A21B52E00FC947A /* button0.png */,
				20C9CEBC1A21B52E00FC947A /* button1.png */,
				20C9CEBD1A21B52E00FC947A /* button2.png */,
				20C9CEBE1A21B52E00FC947A /* button3.png */,
				20C9CEBF1A21B52E00FC947A /* button4.png */,
				20C9CEC01A21B52E00FC947A /* button5.png */,
				20C9CEC11A21B52E00FC947A /* button6.png */,
				20C9CEC21A21B52E00FC947A /* button7.png */,
				20C9CEC31A21B52E00FC947A /* button8.png */,
				20C9CEC41A21B52E00FC947A /* button9.png */,
				20C9CEDF1A222CF200FC947A /* buttonClear.png */,
				20C9CEC51A21B52E00FC947A /* buttonDiv.png */,
				20C9CEC61A21B52E00FC947A /* buttonEqual.png */,
				20C9CEC71A21B52E00FC947A /* buttonMinus.png */,
				20C9CEC81A21B52E00FC947A /* buttonMul.png */,
				20C9CEC91A21B52E00FC947A /* buttonPlus.png */,
				20C9CECA1A21B52E00FC947A /* ladybug.gif */,
				20C9CECB1A21B52E00FC947A /* Spaceship.png */,
				203FB2E01A22E1D200DFF0D3 /* Debug.png */,
			);
			name = Images;
			path = images;
			sourceTree = "<group>";
		};
		9B40B8D9FA732D36A4CC570A /* Frameworks */ = {
			isa = PBXGroup;
			children = (
				B09EC6542A475D6C4825B417 /* libPods.a */,
			);
			name = Frameworks;
			sourceTree = "<group>";
		};
		A3D864E1E07997DA0C1D3FCA /* Pods */ = {
			isa = PBXGroup;
			children = (
				85C30BE5F9A7DB8BE3CBF165 /* Pods.debug.xcconfig */,
				BC7F7DC32ACAF731FB45B899 /* Pods.release.xcconfig */,
			);
			name = Pods;
			sourceTree = "<group>";
		};
/* End PBXGroup section */

/* Begin PBXNativeTarget section */
		20041CA21A16606A00D390BD /* SpaceCalculator */ = {
			isa = PBXNativeTarget;
			buildConfigurationList = 20041CC21A16606A00D390BD /* Build configuration list for PBXNativeTarget "SpaceCalculator" */;
			buildPhases = (
				0BD3391CDE2BAC7E88BBA5D4 /* Check Pods Manifest.lock */,
				20041C9F1A16606A00D390BD /* Sources */,
				20041CA01A16606A00D390BD /* Frameworks */,
				20041CA11A16606A00D390BD /* Resources */,
				949C2127D42166DFA0AE1192 /* Copy Pods Resources */,
				788B37FCB9784C9FADE5A582 /* Embed Pods Frameworks */,
			);
			buildRules = (
			);
			dependencies = (
			);
			name = SpaceCalculator;
			productName = SpaceCalculator;
			productReference = 20041CA31A16606A00D390BD /* SpaceCalculator.app */;
			productType = "com.apple.product-type.application";
		};
		20041CB71A16606A00D390BD /* SpaceCalculatorTests */ = {
			isa = PBXNativeTarget;
			buildConfigurationList = 20041CC51A16606A00D390BD /* Build configuration list for PBXNativeTarget "SpaceCalculatorTests" */;
			buildPhases = (
				20041CB41A16606A00D390BD /* Sources */,
				20041CB51A16606A00D390BD /* Frameworks */,
				20041CB61A16606A00D390BD /* Resources */,
			);
			buildRules = (
			);
			dependencies = (
				20041CBA1A16606A00D390BD /* PBXTargetDependency */,
			);
			name = SpaceCalculatorTests;
			productName = SpaceCalculatorTests;
			productReference = 20041CB81A16606A00D390BD /* SpaceCalculatorTests.xctest */;
			productType = "com.apple.product-type.bundle.unit-test";
		};
/* End PBXNativeTarget section */

/* Begin PBXProject section */
		20041C9B1A16606A00D390BD /* Project object */ = {
			isa = PBXProject;
			attributes = {
				LastSwiftMigration = 0720;
				LastSwiftUpdateCheck = 0720;
				LastUpgradeCheck = 0610;
				ORGANIZATIONNAME = Pepsilover;
				TargetAttributes = {
					20041CA21A16606A00D390BD = {
						CreatedOnToolsVersion = 6.1;
					};
					20041CB71A16606A00D390BD = {
						CreatedOnToolsVersion = 6.1;
						TestTargetID = 20041CA21A16606A00D390BD;
					};
				};
			};
			buildConfigurationList = 20041C9E1A16606A00D390BD /* Build configuration list for PBXProject "SpaceCalculator" */;
			compatibilityVersion = "Xcode 3.2";
			developmentRegion = English;
			hasScannedForEncodings = 0;
			knownRegions = (
				en,
				Base,
			);
			mainGroup = 20041C9A1A16606A00D390BD;
			productRefGroup = 20041CA41A16606A00D390BD /* Products */;
			projectDirPath = "";
			projectRoot = "";
			targets = (
				20041CA21A16606A00D390BD /* SpaceCalculator */,
				20041CB71A16606A00D390BD /* SpaceCalculatorTests */,
			);
		};
/* End PBXProject section */

/* Begin PBXResourcesBuildPhase section */
		20041CA11A16606A00D390BD /* Resources */ = {
			isa = PBXResourcesBuildPhase;
			buildActionMask = 2147483647;
			files = (
				20C9CEDC1A21B52E00FC947A /* Spaceship.png in Resources */,
				20C9CEDE1A2223C000FC947A /* bullet.png in Resources */,
				20C9CEE51A22460000FC947A /* Explosion.sks in Resources */,
				20041CAE1A16606A00D390BD /* Main.storyboard in Resources */,
				20C9CED71A21B52E00FC947A /* buttonEqual.png in Resources */,
				20C9CED31A21B52E00FC947A /* button7.png in Resources */,
				20C9CED41A21B52E00FC947A /* button8.png in Resources */,
				20C9CEDA1A21B52E00FC947A /* buttonPlus.png in Resources */,
				203FB2E11A22E1D200DFF0D3 /* Debug.png in Resources */,
				20C9CED11A21B52E00FC947A /* button5.png in Resources */,
				20C9CECF1A21B52E00FC947A /* button3.png in Resources */,
				20C9CECE1A21B52E00FC947A /* button2.png in Resources */,
				20C9CECC1A21B52E00FC947A /* button0.png in Resources */,
				20C9CEE61A22460000FC947A /* spark.png in Resources */,
				20C9CECD1A21B52E00FC947A /* button1.png in Resources */,
				20C9CED81A21B52E00FC947A /* buttonMinus.png in Resources */,
				20C9CED51A21B52E00FC947A /* button9.png in Resources */,
				20C9CED01A21B52E00FC947A /* button4.png in Resources */,
				20C9CED61A21B52E00FC947A /* buttonDiv.png in Resources */,
				20C9CEDB1A21B52E00FC947A /* ladybug.gif in Resources */,
				20C9CED21A21B52E00FC947A /* button6.png in Resources */,
				20C9CEE01A222CF200FC947A /* buttonClear.png in Resources */,
				203FB2DF1A22DA9A00DFF0D3 /* Logo.png in Resources */,
				20C9CED91A21B52E00FC947A /* buttonMul.png in Resources */,
				20041CB01A16606A00D390BD /* Images.xcassets in Resources */,
			);
			runOnlyForDeploymentPostprocessing = 0;
		};
		20041CB61A16606A00D390BD /* Resources */ = {
			isa = PBXResourcesBuildPhase;
			buildActionMask = 2147483647;
			files = (
			);
			runOnlyForDeploymentPostprocessing = 0;
		};
/* End PBXResourcesBuildPhase section */

/* Begin PBXShellScriptBuildPhase section */
		0BD3391CDE2BAC7E88BBA5D4 /* Check Pods Manifest.lock */ = {
			isa = PBXShellScriptBuildPhase;
			buildActionMask = 2147483647;
			files = (
			);
			inputPaths = (
			);
			name = "Check Pods Manifest.lock";
			outputPaths = (
			);
			runOnlyForDeploymentPostprocessing = 0;
			shellPath = /bin/sh;
			shellScript = "diff \"${PODS_ROOT}/../Podfile.lock\" \"${PODS_ROOT}/Manifest.lock\" > /dev/null\nif [[ $? != 0 ]] ; then\n    cat << EOM\nerror: The sandbox is not in sync with the Podfile.lock. Run 'pod install' or update your CocoaPods installation.\nEOM\n    exit 1\nfi\n";
			showEnvVarsInLog = 0;
		};
		788B37FCB9784C9FADE5A582 /* Embed Pods Frameworks */ = {
			isa = PBXShellScriptBuildPhase;
			buildActionMask = 2147483647;
			files = (
			);
			inputPaths = (
			);
			name = "Embed Pods Frameworks";
			outputPaths = (
			);
			runOnlyForDeploymentPostprocessing = 0;
			shellPath = /bin/sh;
			shellScript = "\"${SRCROOT}/Pods/Target Support Files/Pods/Pods-frameworks.sh\"\n";
			showEnvVarsInLog = 0;
		};
		949C2127D42166DFA0AE1192 /* Copy Pods Resources */ = {
			isa = PBXShellScriptBuildPhase;
			buildActionMask = 2147483647;
			files = (
			);
			inputPaths = (
			);
			name = "Copy Pods Resources";
			outputPaths = (
			);
			runOnlyForDeploymentPostprocessing = 0;
			shellPath = /bin/sh;
			shellScript = "\"${SRCROOT}/Pods/Target Support Files/Pods/Pods-resources.sh\"\n";
			showEnvVarsInLog = 0;
		};
/* End PBXShellScriptBuildPhase section */

/* Begin PBXSourcesBuildPhase section */
		20041C9F1A16606A00D390BD /* Sources */ = {
			isa = PBXSourcesBuildPhase;
			buildActionMask = 2147483647;
			files = (
				20C9CEE21A222DD500FC947A /* ClearEnemy.swift in Sources */,
				20041CC91A1665DF00D390BD /* Stage.swift in Sources */,
				20CFA5251A1AEA9600B7C489 /* MulEnemy.swift in Sources */,
				20CC18F21A20C1AD00AA35A1 /* DebugStage.swift in Sources */,
				20041D281A18FDAD00D390BD /* Computation.swift in Sources */,
				20041D241A18DB8100D390BD /* DigitEnemy.swift in Sources */,
				20041CAB1A16606A00D390BD /* ViewController.swift in Sources */,
				20CFA5231A1AEA9600B7C489 /* DivEnemy.swift in Sources */,
				20041D221A18D6B300D390BD /* Enemy.swift in Sources */,
				20041D261A18DDC300D390BD /* PlusEnemy.swift in Sources */,
				20041CA91A16606A00D390BD /* AppDelegate.swift in Sources */,
				2015EB241A1E38D100CDCF3F /* Calculator.swift in Sources */,
				20CFA5241A1AEA9600B7C489 /* MinusEnemy.swift in Sources */,
				20041D201A18C3CF00D390BD /* Player.swift in Sources */,
				20CFA5271A1B517A00B7C489 /* EqualEnemy.swift in Sources */,
				20041D1E1A1895F100D390BD /* Bullet.swift in Sources */,
			);
			runOnlyForDeploymentPostprocessing = 0;
		};
		20041CB41A16606A00D390BD /* Sources */ = {
			isa = PBXSourcesBuildPhase;
			buildActionMask = 2147483647;
			files = (
				20041CBF1A16606A00D390BD /* SpaceCalculatorTests.swift in Sources */,
			);
			runOnlyForDeploymentPostprocessing = 0;
		};
/* End PBXSourcesBuildPhase section */

/* Begin PBXTargetDependency section */
		20041CBA1A16606A00D390BD /* PBXTargetDependency */ = {
			isa = PBXTargetDependency;
			target = 20041CA21A16606A00D390BD /* SpaceCalculator */;
			targetProxy = 20041CB91A16606A00D390BD /* PBXContainerItemProxy */;
		};
/* End PBXTargetDependency section */

/* Begin PBXVariantGroup section */
		20041CAC1A16606A00D390BD /* Main.storyboard */ = {
			isa = PBXVariantGroup;
			children = (
				20041CAD1A16606A00D390BD /* Base */,
			);
			name = Main.storyboard;
			sourceTree = "<group>";
		};
/* End PBXVariantGroup section */

/* Begin XCBuildConfiguration section */
		20041CC01A16606A00D390BD /* Debug */ = {
			isa = XCBuildConfiguration;
			buildSettings = {
				ALWAYS_SEARCH_USER_PATHS = NO;
				CLANG_CXX_LANGUAGE_STANDARD = "gnu++0x";
				CLANG_CXX_LIBRARY = "libc++";
				CLANG_ENABLE_MODULES = YES;
				CLANG_ENABLE_OBJC_ARC = YES;
				CLANG_WARN_BOOL_CONVERSION = YES;
				CLANG_WARN_CONSTANT_CONVERSION = YES;
				CLANG_WARN_DIRECT_OBJC_ISA_USAGE = YES_ERROR;
				CLANG_WARN_EMPTY_BODY = YES;
				CLANG_WARN_ENUM_CONVERSION = YES;
				CLANG_WARN_INT_CONVERSION = YES;
				CLANG_WARN_OBJC_ROOT_CLASS = YES_ERROR;
				CLANG_WARN_UNREACHABLE_CODE = YES;
				CLANG_WARN__DUPLICATE_METHOD_MATCH = YES;
				"CODE_SIGN_IDENTITY[sdk=iphoneos*]" = "iPhone Developer";
				COPY_PHASE_STRIP = NO;
				ENABLE_STRICT_OBJC_MSGSEND = YES;
				GCC_C_LANGUAGE_STANDARD = gnu99;
				GCC_DYNAMIC_NO_PIC = NO;
				GCC_OPTIMIZATION_LEVEL = 0;
				GCC_PREPROCESSOR_DEFINITIONS = (
					"DEBUG=1",
					"$(inherited)",
				);
				GCC_SYMBOLS_PRIVATE_EXTERN = NO;
				GCC_WARN_64_TO_32_BIT_CONVERSION = YES;
				GCC_WARN_ABOUT_RETURN_TYPE = YES_ERROR;
				GCC_WARN_UNDECLARED_SELECTOR = YES;
				GCC_WARN_UNINITIALIZED_AUTOS = YES_AGGRESSIVE;
				GCC_WARN_UNUSED_FUNCTION = YES;
				GCC_WARN_UNUSED_VARIABLE = YES;
				IPHONEOS_DEPLOYMENT_TARGET = 8.1;
				MTL_ENABLE_DEBUG_INFO = YES;
				ONLY_ACTIVE_ARCH = YES;
				SDKROOT = iphoneos;
				SWIFT_OPTIMIZATION_LEVEL = "-Onone";
			};
			name = Debug;
		};
		20041CC11A16606A00D390BD /* Release */ = {
			isa = XCBuildConfiguration;
			buildSettings = {
				ALWAYS_SEARCH_USER_PATHS = NO;
				CLANG_CXX_LANGUAGE_STANDARD = "gnu++0x";
				CLANG_CXX_LIBRARY = "libc++";
				CLANG_ENABLE_MODULES = YES;
				CLANG_ENABLE_OBJC_ARC = YES;
				CLANG_WARN_BOOL_CONVERSION = YES;
				CLANG_WARN_CONSTANT_CONVERSION = YES;
				CLANG_WARN_DIRECT_OBJC_ISA_USAGE = YES_ERROR;
				CLANG_WARN_EMPTY_BODY = YES;
				CLANG_WARN_ENUM_CONVERSION = YES;
				CLANG_WARN_INT_CONVERSION = YES;
				CLANG_WARN_OBJC_ROOT_CLASS = YES_ERROR;
				CLANG_WARN_UNREACHABLE_CODE = YES;
				CLANG_WARN__DUPLICATE_METHOD_MATCH = YES;
				"CODE_SIGN_IDENTITY[sdk=iphoneos*]" = "iPhone Developer";
				COPY_PHASE_STRIP = YES;
				ENABLE_NS_ASSERTIONS = NO;
				ENABLE_STRICT_OBJC_MSGSEND = YES;
				GCC_C_LANGUAGE_STANDARD = gnu99;
				GCC_WARN_64_TO_32_BIT_CONVERSION = YES;
				GCC_WARN_ABOUT_RETURN_TYPE = YES_ERROR;
				GCC_WARN_UNDECLARED_SELECTOR = YES;
				GCC_WARN_UNINITIALIZED_AUTOS = YES_AGGRESSIVE;
				GCC_WARN_UNUSED_FUNCTION = YES;
				GCC_WARN_UNUSED_VARIABLE = YES;
				IPHONEOS_DEPLOYMENT_TARGET = 8.1;
				MTL_ENABLE_DEBUG_INFO = NO;
				SDKROOT = iphoneos;
				VALIDATE_PRODUCT = YES;
			};
			name = Release;
		};
		20041CC31A16606A00D390BD /* Debug */ = {
			isa = XCBuildConfiguration;
			baseConfigurationReference = 85C30BE5F9A7DB8BE3CBF165 /* Pods.debug.xcconfig */;
			buildSettings = {
				ASSETCATALOG_COMPILER_APPICON_NAME = AppIcon;
				ASSETCATALOG_COMPILER_LAUNCHIMAGE_NAME = LaunchImage;
				CLANG_ENABLE_MODULES = YES;
				INFOPLIST_FILE = SpaceCalculator/Info.plist;
				IPHONEOS_DEPLOYMENT_TARGET = 7.0;
				LD_RUNPATH_SEARCH_PATHS = "$(inherited) @executable_path/Frameworks";
				PRODUCT_NAME = "$(TARGET_NAME)";
				SWIFT_OBJC_BRIDGING_HEADER = "SpaceCalculator/SpaceCalculator-Bridging-Header.h";
				SWIFT_OPTIMIZATION_LEVEL = "-Onone";
			};
			name = Debug;
		};
		20041CC41A16606A00D390BD /* Release */ = {
			isa = XCBuildConfiguration;
			baseConfigurationReference = BC7F7DC32ACAF731FB45B899 /* Pods.release.xcconfig */;
			buildSettings = {
				ASSETCATALOG_COMPILER_APPICON_NAME = AppIcon;
				ASSETCATALOG_COMPILER_LAUNCHIMAGE_NAME = LaunchImage;
				CLANG_ENABLE_MODULES = YES;
				INFOPLIST_FILE = SpaceCalculator/Info.plist;
				IPHONEOS_DEPLOYMENT_TARGET = 7.0;
				LD_RUNPATH_SEARCH_PATHS = "$(inherited) @executable_path/Frameworks";
				PRODUCT_NAME = "$(TARGET_NAME)";
				SWIFT_OBJC_BRIDGING_HEADER = "SpaceCalculator/SpaceCalculator-Bridging-Header.h";
			};
			name = Release;
		};
		20041CC61A16606A00D390BD /* Debug */ = {
			isa = XCBuildConfiguration;
			buildSettings = {
				BUNDLE_LOADER = "$(TEST_HOST)";
				FRAMEWORK_SEARCH_PATHS = (
					"$(SDKROOT)/Developer/Library/Frameworks",
					"$(inherited)",
				);
				GCC_PREPROCESSOR_DEFINITIONS = (
					"DEBUG=1",
					"$(inherited)",
				);
				INFOPLIST_FILE = SpaceCalculatorTests/Info.plist;
				LD_RUNPATH_SEARCH_PATHS = "$(inherited) @executable_path/Frameworks @loader_path/Frameworks";
				PRODUCT_NAME = "$(TARGET_NAME)";
				TEST_HOST = "$(BUILT_PRODUCTS_DIR)/SpaceCalculator.app/SpaceCalculator";
			};
			name = Debug;
		};
		20041CC71A16606A00D390BD /* Release */ = {
			isa = XCBuildConfiguration;
			buildSettings = {
				BUNDLE_LOADER = "$(TEST_HOST)";
				FRAMEWORK_SEARCH_PATHS = (
					"$(SDKROOT)/Developer/Library/Frameworks",
					"$(inherited)",
				);
				INFOPLIST_FILE = SpaceCalculatorTests/Info.plist;
				LD_RUNPATH_SEARCH_PATHS = "$(inherited) @executable_path/Frameworks @loader_path/Frameworks";
				PRODUCT_NAME = "$(TARGET_NAME)";
				TEST_HOST = "$(BUILT_PRODUCTS_DIR)/SpaceCalculator.app/SpaceCalculator";
			};
			name = Release;
		};
/* End XCBuildConfiguration section */

/* Begin XCConfigurationList section */
		20041C9E1A16606A00D390BD /* Build configuration list for PBXProject "SpaceCalculator" */ = {
			isa = XCConfigurationList;
			buildConfigurations = (
				20041CC01A16606A00D390BD /* Debug */,
				20041CC11A16606A00D390BD /* Release */,
			);
			defaultConfigurationIsVisible = 0;
			defaultConfigurationName = Release;
		};
		20041CC21A16606A00D390BD /* Build configuration list for PBXNativeTarget "SpaceCalculator" */ = {
			isa = XCConfigurationList;
			buildConfigurations = (
				20041CC31A16606A00D390BD /* Debug */,
				20041CC41A16606A00D390BD /* Release */,
			);
			defaultConfigurationIsVisible = 0;
			defaultConfigurationName = Release;
		};
		20041CC51A16606A00D390BD /* Build configuration list for PBXNativeTarget "SpaceCalculatorTests" */ = {
			isa = XCConfigurationList;
			buildConfigurations = (
				20041CC61A16606A00D390BD /* Debug */,
				20041CC71A16606A00D390BD /* Release */,
			);
			defaultConfigurationIsVisible = 0;
			defaultConfigurationName = Release;
		};
/* End XCConfigurationList section */
	};
	rootObject = 20041C9B1A16606A00D390BD /* Project object */;
}
